// !$*UTF8*$!
{
	archiveVersion = 1;
	classes = {
	};
	objectVersion = 51;
	objects = {

/* Begin PBXBuildFile section */
		7BFFC10C52E776AA93B29718 /* Pods_HelloSwift_HelloSwiftUITests.framework in Frameworks */ = {isa = PBXBuildFile; fileRef = 393FA83BB054A4ADD9177704 /* Pods_HelloSwift_HelloSwiftUITests.framework */; };
		AB89B37D23F80C0E004C10B2 /* RootViewController.swift in Sources */ = {isa = PBXBuildFile; fileRef = AB89B37C23F80C0E004C10B2 /* RootViewController.swift */; };
		ABB3480223F81927003C1FCC /* FirstViewController.swift in Sources */ = {isa = PBXBuildFile; fileRef = ABB3480123F81927003C1FCC /* FirstViewController.swift */; };
		ABB3480423F81978003C1FCC /* SecondViewController.swift in Sources */ = {isa = PBXBuildFile; fileRef = ABB3480323F81978003C1FCC /* SecondViewController.swift */; };
		ABC8670C241A158000103C85 /* Epic.swift in Sources */ = {isa = PBXBuildFile; fileRef = ABC8670B241A158000103C85 /* Epic.swift */; };
		ABC8670E241A179800103C85 /* State.swift in Sources */ = {isa = PBXBuildFile; fileRef = ABC8670D241A179800103C85 /* State.swift */; };
		ABC86710241A17D800103C85 /* Action.swift in Sources */ = {isa = PBXBuildFile; fileRef = ABC8670F241A17D800103C85 /* Action.swift */; };
		ABC86712241A1AF400103C85 /* Reducer.swift in Sources */ = {isa = PBXBuildFile; fileRef = ABC86711241A1AF400103C85 /* Reducer.swift */; };
		ABC86714241A1EB300103C85 /* Contract.swift in Sources */ = {isa = PBXBuildFile; fileRef = ABC86713241A1EB300103C85 /* Contract.swift */; };
		ABF68C592418BC6900F520E4 /* Gateway.swift in Sources */ = {isa = PBXBuildFile; fileRef = ABF68C582418BC6900F520E4 /* Gateway.swift */; };
		ABF7A9F723BD02DC006CEEB4 /* AppDelegate.swift in Sources */ = {isa = PBXBuildFile; fileRef = ABF7A9F623BD02DC006CEEB4 /* AppDelegate.swift */; };
		ABF7A9F923BD02DC006CEEB4 /* SceneDelegate.swift in Sources */ = {isa = PBXBuildFile; fileRef = ABF7A9F823BD02DC006CEEB4 /* SceneDelegate.swift */; };
		ABF7A9FD23BD02EA006CEEB4 /* Assets.xcassets in Resources */ = {isa = PBXBuildFile; fileRef = ABF7A9FC23BD02EA006CEEB4 /* Assets.xcassets */; };
		ABF7AA0023BD02EA006CEEB4 /* Preview Assets.xcassets in Resources */ = {isa = PBXBuildFile; fileRef = ABF7A9FF23BD02EA006CEEB4 /* Preview Assets.xcassets */; };
		ABF7AA0323BD02EA006CEEB4 /* LaunchScreen.storyboard in Resources */ = {isa = PBXBuildFile; fileRef = ABF7AA0123BD02EA006CEEB4 /* LaunchScreen.storyboard */; };
		ABF7AA0E23BD02EB006CEEB4 /* HelloSwiftTests.swift in Sources */ = {isa = PBXBuildFile; fileRef = ABF7AA0D23BD02EB006CEEB4 /* HelloSwiftTests.swift */; };
		ABF7AA1923BD02EB006CEEB4 /* HelloSwiftUITests.swift in Sources */ = {isa = PBXBuildFile; fileRef = ABF7AA1823BD02EB006CEEB4 /* HelloSwiftUITests.swift */; };
		E94BE8EC764C283427EEDE52 /* Pods_HelloSwift.framework in Frameworks */ = {isa = PBXBuildFile; fileRef = 495BA861D9C48F64FC52B5A1 /* Pods_HelloSwift.framework */; };
		EA22CABF9323DAAE1F3D3AC4 /* Pods_HelloSwiftTests.framework in Frameworks */ = {isa = PBXBuildFile; fileRef = 7597CA023A59A423C7B05026 /* Pods_HelloSwiftTests.framework */; };
/* End PBXBuildFile section */

/* Begin PBXContainerItemProxy section */
		ABF7AA0A23BD02EB006CEEB4 /* PBXContainerItemProxy */ = {
			isa = PBXContainerItemProxy;
			containerPortal = ABF7A9EB23BD02DB006CEEB4 /* Project object */;
			proxyType = 1;
			remoteGlobalIDString = ABF7A9F223BD02DC006CEEB4;
			remoteInfo = HelloSwift;
		};
		ABF7AA1523BD02EB006CEEB4 /* PBXContainerItemProxy */ = {
			isa = PBXContainerItemProxy;
			containerPortal = ABF7A9EB23BD02DB006CEEB4 /* Project object */;
			proxyType = 1;
			remoteGlobalIDString = ABF7A9F223BD02DC006CEEB4;
			remoteInfo = HelloSwift;
		};
/* End PBXContainerItemProxy section */

/* Begin PBXFileReference section */
		393FA83BB054A4ADD9177704 /* Pods_HelloSwift_HelloSwiftUITests.framework */ = {isa = PBXFileReference; explicitFileType = wrapper.framework; includeInIndex = 0; path = Pods_HelloSwift_HelloSwiftUITests.framework; sourceTree = BUILT_PRODUCTS_DIR; };
		495BA861D9C48F64FC52B5A1 /* Pods_HelloSwift.framework */ = {isa = PBXFileReference; explicitFileType = wrapper.framework; includeInIndex = 0; path = Pods_HelloSwift.framework; sourceTree = BUILT_PRODUCTS_DIR; };
		6895C4A28FB40CB7103B0E6E /* Pods-HelloSwift.debug.xcconfig */ = {isa = PBXFileReference; includeInIndex = 1; lastKnownFileType = text.xcconfig; name = "Pods-HelloSwift.debug.xcconfig"; path = "Target Support Files/Pods-HelloSwift/Pods-HelloSwift.debug.xcconfig"; sourceTree = "<group>"; };
		7597CA023A59A423C7B05026 /* Pods_HelloSwiftTests.framework */ = {isa = PBXFileReference; explicitFileType = wrapper.framework; includeInIndex = 0; path = Pods_HelloSwiftTests.framework; sourceTree = BUILT_PRODUCTS_DIR; };
		86B9DA9A74733F5821AB21BE /* Pods-HelloSwift-HelloSwiftUITests.release.xcconfig */ = {isa = PBXFileReference; includeInIndex = 1; lastKnownFileType = text.xcconfig; name = "Pods-HelloSwift-HelloSwiftUITests.release.xcconfig"; path = "Target Support Files/Pods-HelloSwift-HelloSwiftUITests/Pods-HelloSwift-HelloSwiftUITests.release.xcconfig"; sourceTree = "<group>"; };
		90989EB0135A06450E67A34F /* Pods-HelloSwift.release.xcconfig */ = {isa = PBXFileReference; includeInIndex = 1; lastKnownFileType = text.xcconfig; name = "Pods-HelloSwift.release.xcconfig"; path = "Target Support Files/Pods-HelloSwift/Pods-HelloSwift.release.xcconfig"; sourceTree = "<group>"; };
		91E6E5F45C7AA6A8860F142A /* Pods-HelloSwiftTests.debug.xcconfig */ = {isa = PBXFileReference; includeInIndex = 1; lastKnownFileType = text.xcconfig; name = "Pods-HelloSwiftTests.debug.xcconfig"; path = "Target Support Files/Pods-HelloSwiftTests/Pods-HelloSwiftTests.debug.xcconfig"; sourceTree = "<group>"; };
		AB89B37C23F80C0E004C10B2 /* RootViewController.swift */ = {isa = PBXFileReference; lastKnownFileType = sourcecode.swift; path = RootViewController.swift; sourceTree = "<group>"; };
		ABB3480123F81927003C1FCC /* FirstViewController.swift */ = {isa = PBXFileReference; lastKnownFileType = sourcecode.swift; path = FirstViewController.swift; sourceTree = "<group>"; };
		ABB3480323F81978003C1FCC /* SecondViewController.swift */ = {isa = PBXFileReference; lastKnownFileType = sourcecode.swift; path = SecondViewController.swift; sourceTree = "<group>"; };
		ABC8670B241A158000103C85 /* Epic.swift */ = {isa = PBXFileReference; lastKnownFileType = sourcecode.swift; path = Epic.swift; sourceTree = "<group>"; };
		ABC8670D241A179800103C85 /* State.swift */ = {isa = PBXFileReference; lastKnownFileType = sourcecode.swift; path = State.swift; sourceTree = "<group>"; };
		ABC8670F241A17D800103C85 /* Action.swift */ = {isa = PBXFileReference; lastKnownFileType = sourcecode.swift; path = Action.swift; sourceTree = "<group>"; };
		ABC86711241A1AF400103C85 /* Reducer.swift */ = {isa = PBXFileReference; lastKnownFileType = sourcecode.swift; path = Reducer.swift; sourceTree = "<group>"; };
		ABC86713241A1EB300103C85 /* Contract.swift */ = {isa = PBXFileReference; lastKnownFileType = sourcecode.swift; path = Contract.swift; sourceTree = "<group>"; };
		ABF68C582418BC6900F520E4 /* Gateway.swift */ = {isa = PBXFileReference; lastKnownFileType = sourcecode.swift; path = Gateway.swift; sourceTree = "<group>"; };
		ABF7A9F323BD02DC006CEEB4 /* HelloSwift.app */ = {isa = PBXFileReference; explicitFileType = wrapper.application; includeInIndex = 0; path = HelloSwift.app; sourceTree = BUILT_PRODUCTS_DIR; };
		ABF7A9F623BD02DC006CEEB4 /* AppDelegate.swift */ = {isa = PBXFileReference; lastKnownFileType = sourcecode.swift; path = AppDelegate.swift; sourceTree = "<group>"; };
		ABF7A9F823BD02DC006CEEB4 /* SceneDelegate.swift */ = {isa = PBXFileReference; lastKnownFileType = sourcecode.swift; path = SceneDelegate.swift; sourceTree = "<group>"; };
		ABF7A9FC23BD02EA006CEEB4 /* Assets.xcassets */ = {isa = PBXFileReference; lastKnownFileType = folder.assetcatalog; path = Assets.xcassets; sourceTree = "<group>"; };
		ABF7A9FF23BD02EA006CEEB4 /* Preview Assets.xcassets */ = {isa = PBXFileReference; lastKnownFileType = folder.assetcatalog; path = "Preview Assets.xcassets"; sourceTree = "<group>"; };
		ABF7AA0223BD02EA006CEEB4 /* Base */ = {isa = PBXFileReference; lastKnownFileType = file.storyboard; name = Base; path = Base.lproj/LaunchScreen.storyboard; sourceTree = "<group>"; };
		ABF7AA0423BD02EA006CEEB4 /* Info.plist */ = {isa = PBXFileReference; lastKnownFileType = text.plist.xml; path = Info.plist; sourceTree = "<group>"; };
		ABF7AA0923BD02EB006CEEB4 /* HelloSwiftTests.xctest */ = {isa = PBXFileReference; explicitFileType = wrapper.cfbundle; includeInIndex = 0; path = HelloSwiftTests.xctest; sourceTree = BUILT_PRODUCTS_DIR; };
		ABF7AA0D23BD02EB006CEEB4 /* HelloSwiftTests.swift */ = {isa = PBXFileReference; lastKnownFileType = sourcecode.swift; path = HelloSwiftTests.swift; sourceTree = "<group>"; };
		ABF7AA0F23BD02EB006CEEB4 /* Info.plist */ = {isa = PBXFileReference; lastKnownFileType = text.plist.xml; path = Info.plist; sourceTree = "<group>"; };
		ABF7AA1423BD02EB006CEEB4 /* HelloSwiftUITests.xctest */ = {isa = PBXFileReference; explicitFileType = wrapper.cfbundle; includeInIndex = 0; path = HelloSwiftUITests.xctest; sourceTree = BUILT_PRODUCTS_DIR; };
		ABF7AA1823BD02EB006CEEB4 /* HelloSwiftUITests.swift */ = {isa = PBXFileReference; lastKnownFileType = sourcecode.swift; path = HelloSwiftUITests.swift; sourceTree = "<group>"; };
		ABF7AA1A23BD02EB006CEEB4 /* Info.plist */ = {isa = PBXFileReference; lastKnownFileType = text.plist.xml; path = Info.plist; sourceTree = "<group>"; };
		D3FFF0FAFB4A48AAAFEA8339 /* Pods-HelloSwift-HelloSwiftUITests.debug.xcconfig */ = {isa = PBXFileReference; includeInIndex = 1; lastKnownFileType = text.xcconfig; name = "Pods-HelloSwift-HelloSwiftUITests.debug.xcconfig"; path = "Target Support Files/Pods-HelloSwift-HelloSwiftUITests/Pods-HelloSwift-HelloSwiftUITests.debug.xcconfig"; sourceTree = "<group>"; };
		F08D0A16810280D8473163A1 /* Pods-HelloSwiftTests.release.xcconfig */ = {isa = PBXFileReference; includeInIndex = 1; lastKnownFileType = text.xcconfig; name = "Pods-HelloSwiftTests.release.xcconfig"; path = "Target Support Files/Pods-HelloSwiftTests/Pods-HelloSwiftTests.release.xcconfig"; sourceTree = "<group>"; };
/* End PBXFileReference section */

/* Begin PBXFrameworksBuildPhase section */
		ABF7A9F023BD02DC006CEEB4 /* Frameworks */ = {
			isa = PBXFrameworksBuildPhase;
			buildActionMask = 2147483647;
			files = (
				E94BE8EC764C283427EEDE52 /* Pods_HelloSwift.framework in Frameworks */,
			);
			runOnlyForDeploymentPostprocessing = 0;
		};
		ABF7AA0623BD02EB006CEEB4 /* Frameworks */ = {
			isa = PBXFrameworksBuildPhase;
			buildActionMask = 2147483647;
			files = (
				EA22CABF9323DAAE1F3D3AC4 /* Pods_HelloSwiftTests.framework in Frameworks */,
			);
			runOnlyForDeploymentPostprocessing = 0;
		};
		ABF7AA1123BD02EB006CEEB4 /* Frameworks */ = {
			isa = PBXFrameworksBuildPhase;
			buildActionMask = 2147483647;
			files = (
				7BFFC10C52E776AA93B29718 /* Pods_HelloSwift_HelloSwiftUITests.framework in Frameworks */,
			);
			runOnlyForDeploymentPostprocessing = 0;
		};
/* End PBXFrameworksBuildPhase section */

/* Begin PBXGroup section */
		AA422FDB0120740187461082 /* Frameworks */ = {
			isa = PBXGroup;
			children = (
				495BA861D9C48F64FC52B5A1 /* Pods_HelloSwift.framework */,
				393FA83BB054A4ADD9177704 /* Pods_HelloSwift_HelloSwiftUITests.framework */,
				7597CA023A59A423C7B05026 /* Pods_HelloSwiftTests.framework */,
			);
			name = Frameworks;
			sourceTree = "<group>";
		};
		AB89B37B23F80BDB004C10B2 /* ViewControllers */ = {
			isa = PBXGroup;
			children = (
				AB89B37C23F80C0E004C10B2 /* RootViewController.swift */,
				ABB3480123F81927003C1FCC /* FirstViewController.swift */,
				ABB3480323F81978003C1FCC /* SecondViewController.swift */,
			);
			path = ViewControllers;
			sourceTree = "<group>";
		};
		ABC867072419F02700103C85 /* Event */ = {
			isa = PBXGroup;
			children = (
				ABF68C582418BC6900F520E4 /* Gateway.swift */,
				ABC8670B241A158000103C85 /* Epic.swift */,
				ABC8670D241A179800103C85 /* State.swift */,
				ABC86711241A1AF400103C85 /* Reducer.swift */,
			);
			path = Event;
			sourceTree = "<group>";
		};
		ABF7A9EA23BD02DB006CEEB4 = {
			isa = PBXGroup;
			children = (
				ABF7A9F523BD02DC006CEEB4 /* HelloSwift */,
				ABF7AA0C23BD02EB006CEEB4 /* HelloSwiftTests */,
				ABF7AA1723BD02EB006CEEB4 /* HelloSwiftUITests */,
				ABF7A9F423BD02DC006CEEB4 /* Products */,
				ED313F573B3123673FEDD4B9 /* Pods */,
				AA422FDB0120740187461082 /* Frameworks */,
			);
			sourceTree = "<group>";
		};
		ABF7A9F423BD02DC006CEEB4 /* Products */ = {
			isa = PBXGroup;
			children = (
				ABF7A9F323BD02DC006CEEB4 /* HelloSwift.app */,
				ABF7AA0923BD02EB006CEEB4 /* HelloSwiftTests.xctest */,
				ABF7AA1423BD02EB006CEEB4 /* HelloSwiftUITests.xctest */,
			);
			name = Products;
			sourceTree = "<group>";
		};
		ABF7A9F523BD02DC006CEEB4 /* HelloSwift */ = {
			isa = PBXGroup;
			children = (
				ABC867072419F02700103C85 /* Event */,
				AB89B37B23F80BDB004C10B2 /* ViewControllers */,
				ABF7A9F623BD02DC006CEEB4 /* AppDelegate.swift */,
				ABF7A9F823BD02DC006CEEB4 /* SceneDelegate.swift */,
				ABF7A9FC23BD02EA006CEEB4 /* Assets.xcassets */,
				ABF7AA0123BD02EA006CEEB4 /* LaunchScreen.storyboard */,
				ABF7AA0423BD02EA006CEEB4 /* Info.plist */,
				ABF7A9FE23BD02EA006CEEB4 /* Preview Content */,
				ABC8670F241A17D800103C85 /* Action.swift */,
				ABC86713241A1EB300103C85 /* Contract.swift */,
			);
			path = HelloSwift;
			sourceTree = "<group>";
		};
		ABF7A9FE23BD02EA006CEEB4 /* Preview Content */ = {
			isa = PBXGroup;
			children = (
				ABF7A9FF23BD02EA006CEEB4 /* Preview Assets.xcassets */,
			);
			path = "Preview Content";
			sourceTree = "<group>";
		};
		ABF7AA0C23BD02EB006CEEB4 /* HelloSwiftTests */ = {
			isa = PBXGroup;
			children = (
				ABF7AA0D23BD02EB006CEEB4 /* HelloSwiftTests.swift */,
				ABF7AA0F23BD02EB006CEEB4 /* Info.plist */,
			);
			path = HelloSwiftTests;
			sourceTree = "<group>";
		};
		ABF7AA1723BD02EB006CEEB4 /* HelloSwiftUITests */ = {
			isa = PBXGroup;
			children = (
				ABF7AA1823BD02EB006CEEB4 /* HelloSwiftUITests.swift */,
				ABF7AA1A23BD02EB006CEEB4 /* Info.plist */,
			);
			path = HelloSwiftUITests;
			sourceTree = "<group>";
		};
		ED313F573B3123673FEDD4B9 /* Pods */ = {
			isa = PBXGroup;
			children = (
				6895C4A28FB40CB7103B0E6E /* Pods-HelloSwift.debug.xcconfig */,
				90989EB0135A06450E67A34F /* Pods-HelloSwift.release.xcconfig */,
				D3FFF0FAFB4A48AAAFEA8339 /* Pods-HelloSwift-HelloSwiftUITests.debug.xcconfig */,
				86B9DA9A74733F5821AB21BE /* Pods-HelloSwift-HelloSwiftUITests.release.xcconfig */,
				91E6E5F45C7AA6A8860F142A /* Pods-HelloSwiftTests.debug.xcconfig */,
				F08D0A16810280D8473163A1 /* Pods-HelloSwiftTests.release.xcconfig */,
			);
			path = Pods;
			sourceTree = "<group>";
		};
/* End PBXGroup section */

/* Begin PBXNativeTarget section */
		ABF7A9F223BD02DC006CEEB4 /* HelloSwift */ = {
			isa = PBXNativeTarget;
			buildConfigurationList = ABF7AA1D23BD02EB006CEEB4 /* Build configuration list for PBXNativeTarget "HelloSwift" */;
			buildPhases = (
				9C40EBFE576E108B58C49C4B /* [CP] Check Pods Manifest.lock */,
				ABF7A9EF23BD02DC006CEEB4 /* Sources */,
				ABF7A9F023BD02DC006CEEB4 /* Frameworks */,
				ABF7A9F123BD02DC006CEEB4 /* Resources */,
				2C5CC8F21B503127B7E0F787 /* [CP] Embed Pods Frameworks */,
			);
			buildRules = (
			);
			dependencies = (
			);
			name = HelloSwift;
			productName = HelloSwift;
			productReference = ABF7A9F323BD02DC006CEEB4 /* HelloSwift.app */;
			productType = "com.apple.product-type.application";
		};
		ABF7AA0823BD02EB006CEEB4 /* HelloSwiftTests */ = {
			isa = PBXNativeTarget;
			buildConfigurationList = ABF7AA2023BD02EB006CEEB4 /* Build configuration list for PBXNativeTarget "HelloSwiftTests" */;
			buildPhases = (
				0129AE759353267B041C6552 /* [CP] Check Pods Manifest.lock */,
				ABF7AA0523BD02EB006CEEB4 /* Sources */,
				ABF7AA0623BD02EB006CEEB4 /* Frameworks */,
				ABF7AA0723BD02EB006CEEB4 /* Resources */,
			);
			buildRules = (
			);
			dependencies = (
				ABF7AA0B23BD02EB006CEEB4 /* PBXTargetDependency */,
			);
			name = HelloSwiftTests;
			productName = HelloSwiftTests;
			productReference = ABF7AA0923BD02EB006CEEB4 /* HelloSwiftTests.xctest */;
			productType = "com.apple.product-type.bundle.unit-test";
		};
		ABF7AA1323BD02EB006CEEB4 /* HelloSwiftUITests */ = {
			isa = PBXNativeTarget;
			buildConfigurationList = ABF7AA2323BD02EB006CEEB4 /* Build configuration list for PBXNativeTarget "HelloSwiftUITests" */;
			buildPhases = (
				817069F2935A28F9204251C4 /* [CP] Check Pods Manifest.lock */,
				ABF7AA1023BD02EB006CEEB4 /* Sources */,
				ABF7AA1123BD02EB006CEEB4 /* Frameworks */,
				ABF7AA1223BD02EB006CEEB4 /* Resources */,
				14A098E1B7B5132C96328440 /* [CP] Embed Pods Frameworks */,
			);
			buildRules = (
			);
			dependencies = (
				ABF7AA1623BD02EB006CEEB4 /* PBXTargetDependency */,
			);
			name = HelloSwiftUITests;
			productName = HelloSwiftUITests;
			productReference = ABF7AA1423BD02EB006CEEB4 /* HelloSwiftUITests.xctest */;
			productType = "com.apple.product-type.bundle.ui-testing";
		};
/* End PBXNativeTarget section */

/* Begin PBXProject section */
		ABF7A9EB23BD02DB006CEEB4 /* Project object */ = {
			isa = PBXProject;
			attributes = {
				LastSwiftUpdateCheck = 1130;
				LastUpgradeCheck = 1130;
				ORGANIZATIONNAME = Aratoon;
				TargetAttributes = {
					ABF7A9F223BD02DC006CEEB4 = {
						CreatedOnToolsVersion = 11.3;
					};
					ABF7AA0823BD02EB006CEEB4 = {
						CreatedOnToolsVersion = 11.3;
						TestTargetID = ABF7A9F223BD02DC006CEEB4;
					};
					ABF7AA1323BD02EB006CEEB4 = {
						CreatedOnToolsVersion = 11.3;
						TestTargetID = ABF7A9F223BD02DC006CEEB4;
					};
				};
			};
			buildConfigurationList = ABF7A9EE23BD02DB006CEEB4 /* Build configuration list for PBXProject "HelloSwift" */;
			compatibilityVersion = "Xcode 9.3";
			developmentRegion = en;
			hasScannedForEncodings = 0;
			knownRegions = (
				en,
				Base,
			);
			mainGroup = ABF7A9EA23BD02DB006CEEB4;
			productRefGroup = ABF7A9F423BD02DC006CEEB4 /* Products */;
			projectDirPath = "";
			projectRoot = "";
			targets = (
				ABF7A9F223BD02DC006CEEB4 /* HelloSwift */,
				ABF7AA0823BD02EB006CEEB4 /* HelloSwiftTests */,
				ABF7AA1323BD02EB006CEEB4 /* HelloSwiftUITests */,
			);
		};
/* End PBXProject section */

/* Begin PBXResourcesBuildPhase section */
		ABF7A9F123BD02DC006CEEB4 /* Resources */ = {
			isa = PBXResourcesBuildPhase;
			buildActionMask = 2147483647;
			files = (
				ABF7AA0323BD02EA006CEEB4 /* LaunchScreen.storyboard in Resources */,
				ABF7AA0023BD02EA006CEEB4 /* Preview Assets.xcassets in Resources */,
				ABF7A9FD23BD02EA006CEEB4 /* Assets.xcassets in Resources */,
			);
			runOnlyForDeploymentPostprocessing = 0;
		};
		ABF7AA0723BD02EB006CEEB4 /* Resources */ = {
			isa = PBXResourcesBuildPhase;
			buildActionMask = 2147483647;
			files = (
			);
			runOnlyForDeploymentPostprocessing = 0;
		};
		ABF7AA1223BD02EB006CEEB4 /* Resources */ = {
			isa = PBXResourcesBuildPhase;
			buildActionMask = 2147483647;
			files = (
			);
			runOnlyForDeploymentPostprocessing = 0;
		};
/* End PBXResourcesBuildPhase section */

/* Begin PBXShellScriptBuildPhase section */
		0129AE759353267B041C6552 /* [CP] Check Pods Manifest.lock */ = {
			isa = PBXShellScriptBuildPhase;
			buildActionMask = 2147483647;
			files = (
			);
			inputFileListPaths = (
			);
			inputPaths = (
				"${PODS_PODFILE_DIR_PATH}/Podfile.lock",
				"${PODS_ROOT}/Manifest.lock",
			);
			name = "[CP] Check Pods Manifest.lock";
			outputFileListPaths = (
			);
			outputPaths = (
				"$(DERIVED_FILE_DIR)/Pods-HelloSwiftTests-checkManifestLockResult.txt",
			);
			runOnlyForDeploymentPostprocessing = 0;
			shellPath = /bin/sh;
			shellScript = "diff \"${PODS_PODFILE_DIR_PATH}/Podfile.lock\" \"${PODS_ROOT}/Manifest.lock\" > /dev/null\nif [ $? != 0 ] ; then\n    # print error to STDERR\n    echo \"error: The sandbox is not in sync with the Podfile.lock. Run 'pod install' or update your CocoaPods installation.\" >&2\n    exit 1\nfi\n# This output is used by Xcode 'outputs' to avoid re-running this script phase.\necho \"SUCCESS\" > \"${SCRIPT_OUTPUT_FILE_0}\"\n";
			showEnvVarsInLog = 0;
		};
		14A098E1B7B5132C96328440 /* [CP] Embed Pods Frameworks */ = {
			isa = PBXShellScriptBuildPhase;
			buildActionMask = 2147483647;
			files = (
			);
			inputFileListPaths = (
				"${PODS_ROOT}/Target Support Files/Pods-HelloSwift-HelloSwiftUITests/Pods-HelloSwift-HelloSwiftUITests-frameworks-${CONFIGURATION}-input-files.xcfilelist",
			);
			name = "[CP] Embed Pods Frameworks";
			outputFileListPaths = (
				"${PODS_ROOT}/Target Support Files/Pods-HelloSwift-HelloSwiftUITests/Pods-HelloSwift-HelloSwiftUITests-frameworks-${CONFIGURATION}-output-files.xcfilelist",
			);
			runOnlyForDeploymentPostprocessing = 0;
			shellPath = /bin/sh;
			shellScript = "\"${PODS_ROOT}/Target Support Files/Pods-HelloSwift-HelloSwiftUITests/Pods-HelloSwift-HelloSwiftUITests-frameworks.sh\"\n";
			showEnvVarsInLog = 0;
		};
		2C5CC8F21B503127B7E0F787 /* [CP] Embed Pods Frameworks */ = {
			isa = PBXShellScriptBuildPhase;
			buildActionMask = 2147483647;
			files = (
			);
			inputFileListPaths = (
				"${PODS_ROOT}/Target Support Files/Pods-HelloSwift/Pods-HelloSwift-frameworks-${CONFIGURATION}-input-files.xcfilelist",
			);
			name = "[CP] Embed Pods Frameworks";
			outputFileListPaths = (
				"${PODS_ROOT}/Target Support Files/Pods-HelloSwift/Pods-HelloSwift-frameworks-${CONFIGURATION}-output-files.xcfilelist",
			);
			runOnlyForDeploymentPostprocessing = 0;
			shellPath = /bin/sh;
			shellScript = "\"${PODS_ROOT}/Target Support Files/Pods-HelloSwift/Pods-HelloSwift-frameworks.sh\"\n";
			showEnvVarsInLog = 0;
		};
		817069F2935A28F9204251C4 /* [CP] Check Pods Manifest.lock */ = {
			isa = PBXShellScriptBuildPhase;
			buildActionMask = 2147483647;
			files = (
			);
			inputFileListPaths = (
			);
			inputPaths = (
				"${PODS_PODFILE_DIR_PATH}/Podfile.lock",
				"${PODS_ROOT}/Manifest.lock",
			);
			name = "[CP] Check Pods Manifest.lock";
			outputFileListPaths = (
			);
			outputPaths = (
				"$(DERIVED_FILE_DIR)/Pods-HelloSwift-HelloSwiftUITests-checkManifestLockResult.txt",
			);
			runOnlyForDeploymentPostprocessing = 0;
			shellPath = /bin/sh;
			shellScript = "diff \"${PODS_PODFILE_DIR_PATH}/Podfile.lock\" \"${PODS_ROOT}/Manifest.lock\" > /dev/null\nif [ $? != 0 ] ; then\n    # print error to STDERR\n    echo \"error: The sandbox is not in sync with the Podfile.lock. Run 'pod install' or update your CocoaPods installation.\" >&2\n    exit 1\nfi\n# This output is used by Xcode 'outputs' to avoid re-running this script phase.\necho \"SUCCESS\" > \"${SCRIPT_OUTPUT_FILE_0}\"\n";
			showEnvVarsInLog = 0;
		};
		9C40EBFE576E108B58C49C4B /* [CP] Check Pods Manifest.lock */ = {
			isa = PBXShellScriptBuildPhase;
			buildActionMask = 2147483647;
			files = (
			);
			inputFileListPaths = (
			);
			inputPaths = (
				"${PODS_PODFILE_DIR_PATH}/Podfile.lock",
				"${PODS_ROOT}/Manifest.lock",
			);
			name = "[CP] Check Pods Manifest.lock";
			outputFileListPaths = (
			);
			outputPaths = (
				"$(DERIVED_FILE_DIR)/Pods-HelloSwift-checkManifestLockResult.txt",
			);
			runOnlyForDeploymentPostprocessing = 0;
			shellPath = /bin/sh;
			shellScript = "diff \"${PODS_PODFILE_DIR_PATH}/Podfile.lock\" \"${PODS_ROOT}/Manifest.lock\" > /dev/null\nif [ $? != 0 ] ; then\n    # print error to STDERR\n    echo \"error: The sandbox is not in sync with the Podfile.lock. Run 'pod install' or update your CocoaPods installation.\" >&2\n    exit 1\nfi\n# This output is used by Xcode 'outputs' to avoid re-running this script phase.\necho \"SUCCESS\" > \"${SCRIPT_OUTPUT_FILE_0}\"\n";
			showEnvVarsInLog = 0;
		};
/* End PBXShellScriptBuildPhase section */

/* Begin PBXSourcesBuildPhase section */
		ABF7A9EF23BD02DC006CEEB4 /* Sources */ = {
			isa = PBXSourcesBuildPhase;
			buildActionMask = 2147483647;
			files = (
				ABC8670C241A158000103C85 /* Epic.swift in Sources */,
				ABC86710241A17D800103C85 /* Action.swift in Sources */,
				ABF7A9F723BD02DC006CEEB4 /* AppDelegate.swift in Sources */,
				ABF7A9F923BD02DC006CEEB4 /* SceneDelegate.swift in Sources */,
				AB89B37D23F80C0E004C10B2 /* RootViewController.swift in Sources */,
				ABB3480423F81978003C1FCC /* SecondViewController.swift in Sources */,
				ABC86714241A1EB300103C85 /* Contract.swift in Sources */,
				ABF68C592418BC6900F520E4 /* Gateway.swift in Sources */,
				ABB3480223F81927003C1FCC /* FirstViewController.swift in Sources */,
				ABC86712241A1AF400103C85 /* Reducer.swift in Sources */,
				ABC8670E241A179800103C85 /* State.swift in Sources */,
			);
			runOnlyForDeploymentPostprocessing = 0;
		};
		ABF7AA0523BD02EB006CEEB4 /* Sources */ = {
			isa = PBXSourcesBuildPhase;
			buildActionMask = 2147483647;
			files = (
				ABF7AA0E23BD02EB006CEEB4 /* HelloSwiftTests.swift in Sources */,
			);
			runOnlyForDeploymentPostprocessing = 0;
		};
		ABF7AA1023BD02EB006CEEB4 /* Sources */ = {
			isa = PBXSourcesBuildPhase;
			buildActionMask = 2147483647;
			files = (
				ABF7AA1923BD02EB006CEEB4 /* HelloSwiftUITests.swift in Sources */,
			);
			runOnlyForDeploymentPostprocessing = 0;
		};
/* End PBXSourcesBuildPhase section */

/* Begin PBXTargetDependency section */
		ABF7AA0B23BD02EB006CEEB4 /* PBXTargetDependency */ = {
			isa = PBXTargetDependency;
			target = ABF7A9F223BD02DC006CEEB4 /* HelloSwift */;
			targetProxy = ABF7AA0A23BD02EB006CEEB4 /* PBXContainerItemProxy */;
		};
		ABF7AA1623BD02EB006CEEB4 /* PBXTargetDependency */ = {
			isa = PBXTargetDependency;
			target = ABF7A9F223BD02DC006CEEB4 /* HelloSwift */;
			targetProxy = ABF7AA1523BD02EB006CEEB4 /* PBXContainerItemProxy */;
		};
/* End PBXTargetDependency section */

/* Begin PBXVariantGroup section */
		ABF7AA0123BD02EA006CEEB4 /* LaunchScreen.storyboard */ = {
			isa = PBXVariantGroup;
			children = (
				ABF7AA0223BD02EA006CEEB4 /* Base */,
			);
			name = LaunchScreen.storyboard;
			sourceTree = "<group>";
		};
/* End PBXVariantGroup section */

/* Begin XCBuildConfiguration section */
		ABF7AA1B23BD02EB006CEEB4 /* Debug */ = {
			isa = XCBuildConfiguration;
			buildSettings = {
				ALWAYS_SEARCH_USER_PATHS = NO;
				CLANG_ANALYZER_NONNULL = YES;
				CLANG_ANALYZER_NUMBER_OBJECT_CONVERSION = YES_AGGRESSIVE;
				CLANG_CXX_LANGUAGE_STANDARD = "gnu++14";
				CLANG_CXX_LIBRARY = "libc++";
				CLANG_ENABLE_MODULES = YES;
				CLANG_ENABLE_OBJC_ARC = YES;
				CLANG_ENABLE_OBJC_WEAK = YES;
				CLANG_WARN_BLOCK_CAPTURE_AUTORELEASING = YES;
				CLANG_WARN_BOOL_CONVERSION = YES;
				CLANG_WARN_COMMA = YES;
				CLANG_WARN_CONSTANT_CONVERSION = YES;
				CLANG_WARN_DEPRECATED_OBJC_IMPLEMENTATIONS = YES;
				CLANG_WARN_DIRECT_OBJC_ISA_USAGE = YES_ERROR;
				CLANG_WARN_DOCUMENTATION_COMMENTS = YES;
				CLANG_WARN_EMPTY_BODY = YES;
				CLANG_WARN_ENUM_CONVERSION = YES;
				CLANG_WARN_INFINITE_RECURSION = YES;
				CLANG_WARN_INT_CONVERSION = YES;
				CLANG_WARN_NON_LITERAL_NULL_CONVERSION = YES;
				CLANG_WARN_OBJC_IMPLICIT_RETAIN_SELF = YES;
				CLANG_WARN_OBJC_LITERAL_CONVERSION = YES;
				CLANG_WARN_OBJC_ROOT_CLASS = YES_ERROR;
				CLANG_WARN_RANGE_LOOP_ANALYSIS = YES;
				CLANG_WARN_STRICT_PROTOTYPES = YES;
				CLANG_WARN_SUSPICIOUS_MOVE = YES;
				CLANG_WARN_UNGUARDED_AVAILABILITY = YES_AGGRESSIVE;
				CLANG_WARN_UNREACHABLE_CODE = YES;
				CLANG_WARN__DUPLICATE_METHOD_MATCH = YES;
				COPY_PHASE_STRIP = NO;
				DEBUG_INFORMATION_FORMAT = dwarf;
				ENABLE_STRICT_OBJC_MSGSEND = YES;
				ENABLE_TESTABILITY = YES;
				GCC_C_LANGUAGE_STANDARD = gnu11;
				GCC_DYNAMIC_NO_PIC = NO;
				GCC_NO_COMMON_BLOCKS = YES;
				GCC_OPTIMIZATION_LEVEL = 0;
				GCC_PREPROCESSOR_DEFINITIONS = (
					"DEBUG=1",
					"$(inherited)",
				);
				GCC_WARN_64_TO_32_BIT_CONVERSION = YES;
				GCC_WARN_ABOUT_RETURN_TYPE = YES_ERROR;
				GCC_WARN_UNDECLARED_SELECTOR = YES;
				GCC_WARN_UNINITIALIZED_AUTOS = YES_AGGRESSIVE;
				GCC_WARN_UNUSED_FUNCTION = YES;
				GCC_WARN_UNUSED_VARIABLE = YES;
				IPHONEOS_DEPLOYMENT_TARGET = 13.2;
				MTL_ENABLE_DEBUG_INFO = INCLUDE_SOURCE;
				MTL_FAST_MATH = YES;
				ONLY_ACTIVE_ARCH = YES;
				SDKROOT = iphoneos;
				SWIFT_ACTIVE_COMPILATION_CONDITIONS = DEBUG;
				SWIFT_OPTIMIZATION_LEVEL = "-Onone";
			};
			name = Debug;
		};
		ABF7AA1C23BD02EB006CEEB4 /* Release */ = {
			isa = XCBuildConfiguration;
			buildSettings = {
				ALWAYS_SEARCH_USER_PATHS = NO;
				CLANG_ANALYZER_NONNULL = YES;
				CLANG_ANALYZER_NUMBER_OBJECT_CONVERSION = YES_AGGRESSIVE;
				CLANG_CXX_LANGUAGE_STANDARD = "gnu++14";
				CLANG_CXX_LIBRARY = "libc++";
				CLANG_ENABLE_MODULES = YES;
				CLANG_ENABLE_OBJC_ARC = YES;
				CLANG_ENABLE_OBJC_WEAK = YES;
				CLANG_WARN_BLOCK_CAPTURE_AUTORELEASING = YES;
				CLANG_WARN_BOOL_CONVERSION = YES;
				CLANG_WARN_COMMA = YES;
				CLANG_WARN_CONSTANT_CONVERSION = YES;
				CLANG_WARN_DEPRECATED_OBJC_IMPLEMENTATIONS = YES;
				CLANG_WARN_DIRECT_OBJC_ISA_USAGE = YES_ERROR;
				CLANG_WARN_DOCUMENTATION_COMMENTS = YES;
				CLANG_WARN_EMPTY_BODY = YES;
				CLANG_WARN_ENUM_CONVERSION = YES;
				CLANG_WARN_INFINITE_RECURSION = YES;
				CLANG_WARN_INT_CONVERSION = YES;
				CLANG_WARN_NON_LITERAL_NULL_CONVERSION = YES;
				CLANG_WARN_OBJC_IMPLICIT_RETAIN_SELF = YES;
				CLANG_WARN_OBJC_LITERAL_CONVERSION = YES;
				CLANG_WARN_OBJC_ROOT_CLASS = YES_ERROR;
				CLANG_WARN_RANGE_LOOP_ANALYSIS = YES;
				CLANG_WARN_STRICT_PROTOTYPES = YES;
				CLANG_WARN_SUSPICIOUS_MOVE = YES;
				CLANG_WARN_UNGUARDED_AVAILABILITY = YES_AGGRESSIVE;
				CLANG_WARN_UNREACHABLE_CODE = YES;
				CLANG_WARN__DUPLICATE_METHOD_MATCH = YES;
				COPY_PHASE_STRIP = NO;
				DEBUG_INFORMATION_FORMAT = "dwarf-with-dsym";
				ENABLE_NS_ASSERTIONS = NO;
				ENABLE_STRICT_OBJC_MSGSEND = YES;
				GCC_C_LANGUAGE_STANDARD = gnu11;
				GCC_NO_COMMON_BLOCKS = YES;
				GCC_WARN_64_TO_32_BIT_CONVERSION = YES;
				GCC_WARN_ABOUT_RETURN_TYPE = YES_ERROR;
				GCC_WARN_UNDECLARED_SELECTOR = YES;
				GCC_WARN_UNINITIALIZED_AUTOS = YES_AGGRESSIVE;
				GCC_WARN_UNUSED_FUNCTION = YES;
				GCC_WARN_UNUSED_VARIABLE = YES;
				IPHONEOS_DEPLOYMENT_TARGET = 13.2;
				MTL_ENABLE_DEBUG_INFO = NO;
				MTL_FAST_MATH = YES;
				SDKROOT = iphoneos;
				SWIFT_COMPILATION_MODE = wholemodule;
				SWIFT_OPTIMIZATION_LEVEL = "-O";
				VALIDATE_PRODUCT = YES;
			};
			name = Release;
		};
		ABF7AA1E23BD02EB006CEEB4 /* Debug */ = {
			isa = XCBuildConfiguration;
			baseConfigurationReference = 6895C4A28FB40CB7103B0E6E /* Pods-HelloSwift.debug.xcconfig */;
			buildSettings = {
				ASSETCATALOG_COMPILER_APPICON_NAME = AppIcon;
				CODE_SIGN_STYLE = Automatic;
				DEVELOPMENT_ASSET_PATHS = "\"HelloSwift/Preview Content\"";
				ENABLE_PREVIEWS = YES;
				INFOPLIST_FILE = HelloSwift/Info.plist;
				LD_RUNPATH_SEARCH_PATHS = (
					"$(inherited)",
					"@executable_path/Frameworks",
				);
				PRODUCT_BUNDLE_IDENTIFIER = waka.ru.com.HelloSwift;
				PRODUCT_NAME = "$(TARGET_NAME)";
				SWIFT_VERSION = 5.0;
				TARGETED_DEVICE_FAMILY = "1,2";
			};
			name = Debug;
		};
		ABF7AA1F23BD02EB006CEEB4 /* Release */ = {
			isa = XCBuildConfiguration;
			baseConfigurationReference = 90989EB0135A06450E67A34F /* Pods-HelloSwift.release.xcconfig */;
			buildSettings = {
				ASSETCATALOG_COMPILER_APPICON_NAME = AppIcon;
				CODE_SIGN_STYLE = Automatic;
				DEVELOPMENT_ASSET_PATHS = "\"HelloSwift/Preview Content\"";
				ENABLE_PREVIEWS = YES;
				INFOPLIST_FILE = HelloSwift/Info.plist;
				LD_RUNPATH_SEARCH_PATHS = (
					"$(inherited)",
					"@executable_path/Frameworks",
				);
				PRODUCT_BUNDLE_IDENTIFIER = waka.ru.com.HelloSwift;
				PRODUCT_NAME = "$(TARGET_NAME)";
				SWIFT_VERSION = 5.0;
				TARGETED_DEVICE_FAMILY = "1,2";
			};
			name = Release;
		};
		ABF7AA2123BD02EB006CEEB4 /* Debug */ = {
			isa = XCBuildConfiguration;
			baseConfigurationReference = 91E6E5F45C7AA6A8860F142A /* Pods-HelloSwiftTests.debug.xcconfig */;
			buildSettings = {
				ALWAYS_EMBED_SWIFT_STANDARD_LIBRARIES = YES;
				BUNDLE_LOADER = "$(TEST_HOST)";
				CODE_SIGN_STYLE = Automatic;
				INFOPLIST_FILE = HelloSwiftTests/Info.plist;
				IPHONEOS_DEPLOYMENT_TARGET = 13.2;
				LD_RUNPATH_SEARCH_PATHS = (
					"$(inherited)",
					"@executable_path/Frameworks",
					"@loader_path/Frameworks",
				);
				PRODUCT_BUNDLE_IDENTIFIER = waka.ru.com.HelloSwiftTests;
				PRODUCT_NAME = "$(TARGET_NAME)";
				SWIFT_VERSION = 5.0;
				TARGETED_DEVICE_FAMILY = "1,2";
				TEST_HOST = "$(BUILT_PRODUCTS_DIR)/HelloSwift.app/HelloSwift";
			};
			name = Debug;
		};
		ABF7AA2223BD02EB006CEEB4 /* Release */ = {
			isa = XCBuildConfiguration;
			baseConfigurationReference = F08D0A16810280D8473163A1 /* Pods-HelloSwiftTests.release.xcconfig */;
			buildSettings = {
				ALWAYS_EMBED_SWIFT_STANDARD_LIBRARIES = YES;
				BUNDLE_LOADER = "$(TEST_HOST)";
				CODE_SIGN_STYLE = Automatic;
				INFOPLIST_FILE = HelloSwiftTests/Info.plist;
				IPHONEOS_DEPLOYMENT_TARGET = 13.2;
				LD_RUNPATH_SEARCH_PATHS = (
					"$(inherited)",
					"@executable_path/Frameworks",
					"@loader_path/Frameworks",
				);
				PRODUCT_BUNDLE_IDENTIFIER = waka.ru.com.HelloSwiftTests;
				PRODUCT_NAME = "$(TARGET_NAME)";
				SWIFT_VERSION = 5.0;
				TARGETED_DEVICE_FAMILY = "1,2";
				TEST_HOST = "$(BUILT_PRODUCTS_DIR)/HelloSwift.app/HelloSwift";
			};
			name = Release;
		};
		ABF7AA2423BD02EB006CEEB4 /* Debug */ = {
			isa = XCBuildConfiguration;
			baseConfigurationReference = D3FFF0FAFB4A48AAAFEA8339 /* Pods-HelloSwift-HelloSwiftUITests.debug.xcconfig */;
			buildSettings = {
				ALWAYS_EMBED_SWIFT_STANDARD_LIBRARIES = YES;
				CODE_SIGN_STYLE = Automatic;
				INFOPLIST_FILE = HelloSwiftUITests/Info.plist;
				LD_RUNPATH_SEARCH_PATHS = (
					"$(inherited)",
					"@executable_path/Frameworks",
					"@loader_path/Frameworks",
				);
				PRODUCT_BUNDLE_IDENTIFIER = waka.ru.com.HelloSwiftUITests;
				PRODUCT_NAME = "$(TARGET_NAME)";
				SWIFT_VERSION = 5.0;
				TARGETED_DEVICE_FAMILY = "1,2";
				TEST_TARGET_NAME = HelloSwift;
			};
			name = Debug;
		};
		ABF7AA2523BD02EB006CEEB4 /* Release */ = {
			isa = XCBuildConfiguration;
			baseConfigurationReference = 86B9DA9A74733F5821AB21BE /* Pods-HelloSwift-HelloSwiftUITests.release.xcconfig */;
			buildSettings = {
				ALWAYS_EMBED_SWIFT_STANDARD_LIBRARIES = YES;
				CODE_SIGN_STYLE = Automatic;
				INFOPLIST_FILE = HelloSwiftUITests/Info.plist;
				LD_RUNPATH_SEARCH_PATHS = (
					"$(inherited)",
					"@executable_path/Frameworks",
					"@loader_path/Frameworks",
				);
				PRODUCT_BUNDLE_IDENTIFIER = waka.ru.com.HelloSwiftUITests;
				PRODUCT_NAME = "$(TARGET_NAME)";
				SWIFT_VERSION = 5.0;
				TARGETED_DEVICE_FAMILY = "1,2";
				TEST_TARGET_NAME = HelloSwift;
			};
			name = Release;
		};
/* End XCBuildConfiguration section */

/* Begin XCConfigurationList section */
		ABF7A9EE23BD02DB006CEEB4 /* Build configuration list for PBXProject "HelloSwift" */ = {
			isa = XCConfigurationList;
			buildConfigurations = (
				ABF7AA1B23BD02EB006CEEB4 /* Debug */,
				ABF7AA1C23BD02EB006CEEB4 /* Release */,
			);
			defaultConfigurationIsVisible = 0;
			defaultConfigurationName = Release;
		};
		ABF7AA1D23BD02EB006CEEB4 /* Build configuration list for PBXNativeTarget "HelloSwift" */ = {
			isa = XCConfigurationList;
			buildConfigurations = (
				ABF7AA1E23BD02EB006CEEB4 /* Debug */,
				ABF7AA1F23BD02EB006CEEB4 /* Release */,
			);
			defaultConfigurationIsVisible = 0;
			defaultConfigurationName = Release;
		};
		ABF7AA2023BD02EB006CEEB4 /* Build configuration list for PBXNativeTarget "HelloSwiftTests" */ = {
			isa = XCConfigurationList;
			buildConfigurations = (
				ABF7AA2123BD02EB006CEEB4 /* Debug */,
				ABF7AA2223BD02EB006CEEB4 /* Release */,
			);
			defaultConfigurationIsVisible = 0;
			defaultConfigurationName = Release;
		};
		ABF7AA2323BD02EB006CEEB4 /* Build configuration list for PBXNativeTarget "HelloSwiftUITests" */ = {
			isa = XCConfigurationList;
			buildConfigurations = (
				ABF7AA2423BD02EB006CEEB4 /* Debug */,
				ABF7AA2523BD02EB006CEEB4 /* Release */,
			);
			defaultConfigurationIsVisible = 0;
			defaultConfigurationName = Release;
		};
/* End XCConfigurationList section */
	};
	rootObject = ABF7A9EB23BD02DB006CEEB4 /* Project object */;
}
